
Microsoft Visual Studio Solution File, Format Version 12.00
# Visual Studio 15
VisualStudioVersion = 15.0.26124.0
MinimumVisualStudioVersion = 15.0.26124.0
Project("{FAE04EC0-301F-11D3-BF4B-00C04F79EFBC}") = "Example", "Example\Example.csproj", "{720D13DC-F56F-4193-986D-C4F61548025D}"
EndProject
Project("{2150E333-8FDC-42A3-9474-1A3956D46DE8}") = "Solution Items", "Solution Items", "{C8D8BEFC-B03E-4852-A783-F7C86CA91F26}"
ProjectSection(SolutionItems) = preProject
	.dockerignore = .dockerignore
	.gitignore = .gitignore
	Example.sln = Example.sln
	LICENSE = LICENSE
	README.md = README.md
	Dockerfile = Dockerfile
EndProjectSection
EndProject
Global
	GlobalSection(SolutionConfigurationPlatforms) = preSolution
		Debug|Any CPU = Debug|Any CPU
		Debug|x64 = Debug|x64
		Debug|x86 = Debug|x86
		Release|Any CPU = Release|Any CPU
		Release|x64 = Release|x64
		Release|x86 = Release|x86
	EndGlobalSection
	GlobalSection(SolutionProperties) = preSolution
		HideSolutionNode = FALSE
	EndGlobalSection
	GlobalSection(ProjectConfigurationPlatforms) = postSolution
		{720D13DC-F56F-4193-986D-C4F61548025D}.Debug|Any CPU.ActiveCfg = Debug|Any CPU
		{720D13DC-F56F-4193-986D-C4F61548025D}.Debug|Any CPU.Build.0 = Debug|Any CPU
		{720D13DC-F56F-4193-986D-C4F61548025D}.Debug|x64.ActiveCfg = Debug|Any CPU
		{720D13DC-F56F-4193-986D-C4F61548025D}.Debug|x64.Build.0 = Debug|Any CPU
		{720D13DC-F56F-4193-986D-C4F61548025D}.Debug|x86.ActiveCfg = Debug|Any CPU
		{720D13DC-F56F-4193-986D-C4F61548025D}.Debug|x86.Build.0 = Debug|Any CPU
		{720D13DC-F56F-4193-986D-C4F61548025D}.Release|Any CPU.ActiveCfg = Release|Any CPU
		{720D13DC-F56F-4193-986D-C4F61548025D}.Release|Any CPU.Build.0 = Release|Any CPU
		{720D13DC-F56F-4193-986D-C4F61548025D}.Release|x64.ActiveCfg = Release|Any CPU
		{720D13DC-F56F-4193-986D-C4F61548025D}.Release|x64.Build.0 = Release|Any CPU
		{720D13DC-F56F-4193-986D-C4F61548025D}.Release|x86.ActiveCfg = Release|Any CPU
		{720D13DC-F56F-4193-986D-C4F61548025D}.Release|x86.Build.0 = Release|Any CPU
	EndGlobalSection
EndGlobal
